// !$*UTF8*$!
{
	archiveVersion = 1;
	classes = {
	};
	objectVersion = 46;
	objects = {

/* Begin PBXBuildFile section */
		4901B1FA1E55273B00F9CE10 /* PlayersTableViewController.swift in Sources */ = {isa = PBXBuildFile; fileRef = 4901B1F91E55273B00F9CE10 /* PlayersTableViewController.swift */; };
		4901B1FC1E5527DF00F9CE10 /* Player.swift in Sources */ = {isa = PBXBuildFile; fileRef = 4901B1FB1E5527DF00F9CE10 /* Player.swift */; };
		4901B1FE1E55286B00F9CE10 /* SampleData.swift in Sources */ = {isa = PBXBuildFile; fileRef = 4901B1FD1E55286B00F9CE10 /* SampleData.swift */; };
		4901B21E1E56C2EE00F9CE10 /* PlayerCellTableViewCell.swift in Sources */ = {isa = PBXBuildFile; fileRef = 4901B21D1E56C2EE00F9CE10 /* PlayerCellTableViewCell.swift */; };
		494052521E54252A00A229A8 /* AppDelegate.swift in Sources */ = {isa = PBXBuildFile; fileRef = 494052511E54252A00A229A8 /* AppDelegate.swift */; };
		494052541E54252A00A229A8 /* ViewController.swift in Sources */ = {isa = PBXBuildFile; fileRef = 494052531E54252A00A229A8 /* ViewController.swift */; };
		494052571E54252A00A229A8 /* Main.storyboard in Resources */ = {isa = PBXBuildFile; fileRef = 494052551E54252A00A229A8 /* Main.storyboard */; };
		494052591E54252A00A229A8 /* Assets.xcassets in Resources */ = {isa = PBXBuildFile; fileRef = 494052581E54252A00A229A8 /* Assets.xcassets */; };
		4940525C1E54252A00A229A8 /* LaunchScreen.storyboard in Resources */ = {isa = PBXBuildFile; fileRef = 4940525A1E54252A00A229A8 /* LaunchScreen.storyboard */; };
/* End PBXBuildFile section */

/* Begin PBXFileReference section */
		4901B1F91E55273B00F9CE10 /* PlayersTableViewController.swift */ = {isa = PBXFileReference; fileEncoding = 4; lastKnownFileType = sourcecode.swift; path = PlayersTableViewController.swift; sourceTree = "<group>"; };
		4901B1FB1E5527DF00F9CE10 /* Player.swift */ = {isa = PBXFileReference; fileEncoding = 4; lastKnownFileType = sourcecode.swift; path = Player.swift; sourceTree = "<group>"; };
		4901B1FD1E55286B00F9CE10 /* SampleData.swift */ = {isa = PBXFileReference; fileEncoding = 4; lastKnownFileType = sourcecode.swift; path = SampleData.swift; sourceTree = "<group>"; };
		4901B21D1E56C2EE00F9CE10 /* PlayerCellTableViewCell.swift */ = {isa = PBXFileReference; fileEncoding = 4; lastKnownFileType = sourcecode.swift; path = PlayerCellTableViewCell.swift; sourceTree = "<group>"; };
		4940524E1E54252A00A229A8 /* Ratings.app */ = {isa = PBXFileReference; explicitFileType = wrapper.application; includeInIndex = 0; path = Ratings.app; sourceTree = BUILT_PRODUCTS_DIR; };
		494052511E54252A00A229A8 /* AppDelegate.swift */ = {isa = PBXFileReference; lastKnownFileType = sourcecode.swift; path = AppDelegate.swift; sourceTree = "<group>"; };
		494052531E54252A00A229A8 /* ViewController.swift */ = {isa = PBXFileReference; lastKnownFileType = sourcecode.swift; path = ViewController.swift; sourceTree = "<group>"; };
		494052561E54252A00A229A8 /* Base */ = {isa = PBXFileReference; lastKnownFileType = file.storyboard; name = Base; path = Base.lproj/Main.storyboard; sourceTree = "<group>"; };
		494052581E54252A00A229A8 /* Assets.xcassets */ = {isa = PBXFileReference; lastKnownFileType = folder.assetcatalog; path = Assets.xcassets; sourceTree = "<group>"; };
		4940525B1E54252A00A229A8 /* Base */ = {isa = PBXFileReference; lastKnownFileType = file.storyboard; name = Base; path = Base.lproj/LaunchScreen.storyboard; sourceTree = "<group>"; };
		4940525D1E54252A00A229A8 /* Info.plist */ = {isa = PBXFileReference; lastKnownFileType = text.plist.xml; path = Info.plist; sourceTree = "<group>"; };
/* End PBXFileReference section */

/* Begin PBXFrameworksBuildPhase section */
		4940524B1E54252A00A229A8 /* Frameworks */ = {
			isa = PBXFrameworksBuildPhase;
			buildActionMask = 2147483647;
			files = (
			);
			runOnlyForDeploymentPostprocessing = 0;
		};
/* End PBXFrameworksBuildPhase section */

/* Begin PBXGroup section */
		494052451E54252A00A229A8 = {
			isa = PBXGroup;
			children = (
				494052501E54252A00A229A8 /* Ratings */,
				4940524F1E54252A00A229A8 /* Products */,
			);
			sourceTree = "<group>";
		};
		4940524F1E54252A00A229A8 /* Products */ = {
			isa = PBXGroup;
			children = (
				4940524E1E54252A00A229A8 /* Ratings.app */,
			);
			name = Products;
			sourceTree = "<group>";
		};
		494052501E54252A00A229A8 /* Ratings */ = {
			isa = PBXGroup;
			children = (
				494052511E54252A00A229A8 /* AppDelegate.swift */,
				494052531E54252A00A229A8 /* ViewController.swift */,
				4901B1F91E55273B00F9CE10 /* PlayersTableViewController.swift */,
				4901B21D1E56C2EE00F9CE10 /* PlayerCellTableViewCell.swift */,
				4901B1FB1E5527DF00F9CE10 /* Player.swift */,
				4901B1FD1E55286B00F9CE10 /* SampleData.swift */,
				494052551E54252A00A229A8 /* Main.storyboard */,
				494052581E54252A00A229A8 /* Assets.xcassets */,
				4940525A1E54252A00A229A8 /* LaunchScreen.storyboard */,
				4940525D1E54252A00A229A8 /* Info.plist */,
			);
			path = Ratings;
			sourceTree = "<group>";
		};
/* End PBXGroup section */

/* Begin PBXNativeTarget section */
		4940524D1E54252A00A229A8 /* Ratings */ = {
			isa = PBXNativeTarget;
			buildConfigurationList = 494052601E54252A00A229A8 /* Build configuration list for PBXNativeTarget "Ratings" */;
			buildPhases = (
				4940524A1E54252A00A229A8 /* Sources */,
				4940524B1E54252A00A229A8 /* Frameworks */,
				4940524C1E54252A00A229A8 /* Resources */,
			);
			buildRules = (
			);
			dependencies = (
			);
			name = Ratings;
			productName = Ratings;
			productReference = 4940524E1E54252A00A229A8 /* Ratings.app */;
			productType = "com.apple.product-type.application";
		};
/* End PBXNativeTarget section */

/* Begin PBXProject section */
		494052461E54252A00A229A8 /* Project object */ = {
			isa = PBXProject;
			attributes = {
				LastSwiftUpdateCheck = 0820;
				LastUpgradeCheck = 0820;
				ORGANIZATIONNAME = Ellatronic;
				TargetAttributes = {
					4940524D1E54252A00A229A8 = {
						CreatedOnToolsVersion = 8.2.1;
						DevelopmentTeam = 55GD3S5ST7;
						ProvisioningStyle = Automatic;
					};
				};
			};
			buildConfigurationList = 494052491E54252A00A229A8 /* Build configuration list for PBXProject "Ratings" */;
			compatibilityVersion = "Xcode 3.2";
			developmentRegion = English;
			hasScannedForEncodings = 0;
			knownRegions = (
				en,
				Base,
			);
			mainGroup = 494052451E54252A00A229A8;
			productRefGroup = 4940524F1E54252A00A229A8 /* Products */;
			projectDirPath = "";
			projectRoot = "";
			targets = (
				4940524D1E54252A00A229A8 /* Ratings */,
			);
		};
/* End PBXProject section */

/* Begin PBXResourcesBuildPhase section */
		4940524C1E54252A00A229A8 /* Resources */ = {
			isa = PBXResourcesBuildPhase;
			buildActionMask = 2147483647;
			files = (
				4940525C1E54252A00A229A8 /* LaunchScreen.storyboard in Resources */,
				494052591E54252A00A229A8 /* Assets.xcassets in Resources */,
				494052571E54252A00A229A8 /* Main.storyboard in Resources */,
			);
			runOnlyForDeploymentPostprocessing = 0;
		};
/* End PBXResourcesBuildPhase section */

/* Begin PBXSourcesBuildPhase section */
		4940524A1E54252A00A229A8 /* Sources */ = {
			isa = PBXSourcesBuildPhase;
			buildActionMask = 2147483647;
			files = (
				4901B1FC1E5527DF00F9CE10 /* Player.swift in Sources */,
				494052541E54252A00A229A8 /* ViewController.swift in Sources */,
				4901B21E1E56C2EE00F9CE10 /* PlayerCellTableViewCell.swift in Sources */,
				494052521E54252A00A229A8 /* AppDelegate.swift in Sources */,
				4901B1FE1E55286B00F9CE10 /* SampleData.swift in Sources */,
				4901B1FA1E55273B00F9CE10 /* PlayersTableViewController.swift in Sources */,
			);
			runOnlyForDeploymentPostprocessing = 0;
		};
/* End PBXSourcesBuildPhase section */

/* Begin PBXVariantGroup section */
		494052551E54252A00A229A8 /* Main.storyboard */ = {
			isa = PBXVariantGroup;
			children = (
				494052561E54252A00A229A8 /* Base */,
			);
			name = Main.storyboard;
			sourceTree = "<group>";
		};
		4940525A1E54252A00A229A8 /* LaunchScreen.storyboard */ = {
			isa = PBXVariantGroup;
			children = (
				4940525B1E54252A00A229A8 /* Base */,
			);
			name = LaunchScreen.storyboard;
			sourceTree = "<group>";
		};
/* End PBXVariantGroup section */

/* Begin XCBuildConfiguration section */
		4940525E1E54252A00A229A8 /* Debug */ = {
			isa = XCBuildConfiguration;
			buildSettings = {
				ALWAYS_SEARCH_USER_PATHS = NO;
				CLANG_ANALYZER_NONNULL = YES;
				CLANG_CXX_LANGUAGE_STANDARD = "gnu++0x";
				CLANG_CXX_LIBRARY = "libc++";
				CLANG_ENABLE_MODULES = YES;
				CLANG_ENABLE_OBJC_ARC = YES;
				CLANG_WARN_BOOL_CONVERSION = YES;
				CLANG_WARN_CONSTANT_CONVERSION = YES;
				CLANG_WARN_DIRECT_OBJC_ISA_USAGE = YES_ERROR;
				CLANG_WARN_DOCUMENTATION_COMMENTS = YES;
				CLANG_WARN_EMPTY_BODY = YES;
				CLANG_WARN_ENUM_CONVERSION = YES;
				CLANG_WARN_INFINITE_RECURSION = YES;
				CLANG_WARN_INT_CONVERSION = YES;
				CLANG_WARN_OBJC_ROOT_CLASS = YES_ERROR;
				CLANG_WARN_SUSPICIOUS_MOVE = YES;
				CLANG_WARN_UNREACHABLE_CODE = YES;
				CLANG_WARN__DUPLICATE_METHOD_MATCH = YES;
				"CODE_SIGN_IDENTITY[sdk=iphoneos*]" = "iPhone Developer";
				COPY_PHASE_STRIP = NO;
				DEBUG_INFORMATION_FORMAT = dwarf;
				ENABLE_STRICT_OBJC_MSGSEND = YES;
				ENABLE_TESTABILITY = YES;
				GCC_C_LANGUAGE_STANDARD = gnu99;
				GCC_DYNAMIC_NO_PIC = NO;
				GCC_NO_COMMON_BLOCKS = YES;
				GCC_OPTIMIZATION_LEVEL = 0;
				GCC_PREPROCESSOR_DEFINITIONS = (
					"DEBUG=1",
					"$(inherited)",
				);
				GCC_WARN_64_TO_32_BIT_CONVERSION = YES;
				GCC_WARN_ABOUT_RETURN_TYPE = YES_ERROR;
				GCC_WARN_UNDECLARED_SELECTOR = YES;
				GCC_WARN_UNINITIALIZED_AUTOS = YES_AGGRESSIVE;
				GCC_WARN_UNUSED_FUNCTION = YES;
				GCC_WARN_UNUSED_VARIABLE = YES;
				IPHONEOS_DEPLOYMENT_TARGET = 10.2;
				MTL_ENABLE_DEBUG_INFO = YES;
				ONLY_ACTIVE_ARCH = YES;
				SDKROOT = iphoneos;
				SWIFT_ACTIVE_COMPILATION_CONDITIONS = DEBUG;
				SWIFT_OPTIMIZATION_LEVEL = "-Onone";
			};
			name = Debug;
		};
		4940525F1E54252A00A229A8 /* Release */ = {
			isa = XCBuildConfiguration;
			buildSettings = {
				ALWAYS_SEARCH_USER_PATHS = NO;
				CLANG_ANALYZER_NONNULL = YES;
				CLANG_CXX_LANGUAGE_STANDARD = "gnu++0x";
				CLANG_CXX_LIBRARY = "libc++";
				CLANG_ENABLE_MODULES = YES;
				CLANG_ENABLE_OBJC_ARC = YES;
				CLANG_WARN_BOOL_CONVERSION = YES;
				CLANG_WARN_CONSTANT_CONVERSION = YES;
				CLANG_WARN_DIRECT_OBJC_ISA_USAGE = YES_ERROR;
				CLANG_WARN_DOCUMENTATION_COMMENTS = YES;
				CLANG_WARN_EMPTY_BODY = YES;
				CLANG_WARN_ENUM_CONVERSION = YES;
				CLANG_WARN_INFINITE_RECURSION = YES;
				CLANG_WARN_INT_CONVERSION = YES;
				CLANG_WARN_OBJC_ROOT_CLASS = YES_ERROR;
				CLANG_WARN_SUSPICIOUS_MOVE = YES;
				CLANG_WARN_UNREACHABLE_CODE = YES;
				CLANG_WARN__DUPLICATE_METHOD_MATCH = YES;
				"CODE_SIGN_IDENTITY[sdk=iphoneos*]" = "iPhone Developer";
				COPY_PHASE_STRIP = NO;
				DEBUG_INFORMATION_FORMAT = "dwarf-with-dsym";
				ENABLE_NS_ASSERTIONS = NO;
				ENABLE_STRICT_OBJC_MSGSEND = YES;
				GCC_C_LANGUAGE_STANDARD = gnu99;
				GCC_NO_COMMON_BLOCKS = YES;
				GCC_WARN_64_TO_32_BIT_CONVERSION = YES;
				GCC_WARN_ABOUT_RETURN_TYPE = YES_ERROR;
				GCC_WARN_UNDECLARED_SELECTOR = YES;
				GCC_WARN_UNINITIALIZED_AUTOS = YES_AGGRESSIVE;
				GCC_WARN_UNUSED_FUNCTION = YES;
				GCC_WARN_UNUSED_VARIABLE = YES;
				IPHONEOS_DEPLOYMENT_TARGET = 10.2;
				MTL_ENABLE_DEBUG_INFO = NO;
				SDKROOT = iphoneos;
				SWIFT_OPTIMIZATION_LEVEL = "-Owholemodule";
				VALIDATE_PRODUCT = YES;
			};
			name = Release;
		};
		494052611E54252A00A229A8 /* Debug */ = {
			isa = XCBuildConfiguration;
			buildSettings = {
				ASSETCATALOG_COMPILER_APPICON_NAME = AppIcon;
				DEVELOPMENT_TEAM = 55GD3S5ST7;
				INFOPLIST_FILE = Ratings/Info.plist;
				LD_RUNPATH_SEARCH_PATHS = "$(inherited) @executable_path/Frameworks";
				PRODUCT_BUNDLE_IDENTIFIER = com.ellatronic.Ratings;
				PRODUCT_NAME = "$(TARGET_NAME)";
				SWIFT_VERSION = 3.0;
			};
			name = Debug;
		};
		494052621E54252A00A229A8 /* Release */ = {
			isa = XCBuildConfiguration;
			buildSettings = {
				ASSETCATALOG_COMPILER_APPICON_NAME = AppIcon;
				DEVELOPMENT_TEAM = 55GD3S5ST7;
				INFOPLIST_FILE = Ratings/Info.plist;
				LD_RUNPATH_SEARCH_PATHS = "$(inherited) @executable_path/Frameworks";
				PRODUCT_BUNDLE_IDENTIFIER = com.ellatronic.Ratings;
				PRODUCT_NAME = "$(TARGET_NAME)";
				SWIFT_VERSION = 3.0;
			};
			name = Release;
		};
/* End XCBuildConfiguration section */

/* Begin XCConfigurationList section */
		494052491E54252A00A229A8 /* Build configuration list for PBXProject "Ratings" */ = {
			isa = XCConfigurationList;
			buildConfigurations = (
				4940525E1E54252A00A229A8 /* Debug */,
				4940525F1E54252A00A229A8 /* Release */,
			);
			defaultConfigurationIsVisible = 0;
			defaultConfigurationName = Release;
		};
		494052601E54252A00A229A8 /* Build configuration list for PBXNativeTarget "Ratings" */ = {
			isa = XCConfigurationList;
			buildConfigurations = (
				494052611E54252A00A229A8 /* Debug */,
				494052621E54252A00A229A8 /* Release */,
			);
			defaultConfigurationIsVisible = 0;
			defaultConfigurationName = Release;
		};
/* End XCConfigurationList section */
	};
	rootObject = 494052461E54252A00A229A8 /* Project object */;
}
